// !$*UTF8*$!
{
	archiveVersion = 1;
	classes = {
	};
	objectVersion = 50;
	objects = {

/* Begin PBXBuildFile section */
		3C14DF9723D8F28A009F04FA /* AppDelegate.swift in Sources */ = {isa = PBXBuildFile; fileRef = 3C14DF9623D8F28A009F04FA /* AppDelegate.swift */; };
		3C14DF9923D8F28A009F04FA /* SceneDelegate.swift in Sources */ = {isa = PBXBuildFile; fileRef = 3C14DF9823D8F28A009F04FA /* SceneDelegate.swift */; };
		3C14DF9B23D8F28A009F04FA /* ContentView.swift in Sources */ = {isa = PBXBuildFile; fileRef = 3C14DF9A23D8F28A009F04FA /* ContentView.swift */; };
		3C14DF9D23D8F28B009F04FA /* Assets.xcassets in Resources */ = {isa = PBXBuildFile; fileRef = 3C14DF9C23D8F28B009F04FA /* Assets.xcassets */; };
		3C14DFA023D8F28B009F04FA /* Preview Assets.xcassets in Resources */ = {isa = PBXBuildFile; fileRef = 3C14DF9F23D8F28B009F04FA /* Preview Assets.xcassets */; };
		3C14DFA323D8F28B009F04FA /* LaunchScreen.storyboard in Resources */ = {isa = PBXBuildFile; fileRef = 3C14DFA123D8F28B009F04FA /* LaunchScreen.storyboard */; };
		3C14DFAB23D8F403009F04FA /* TopView.swift in Sources */ = {isa = PBXBuildFile; fileRef = 3C14DFAA23D8F403009F04FA /* TopView.swift */; };
		3C14DFAD23D8F70B009F04FA /* Cell.swift in Sources */ = {isa = PBXBuildFile; fileRef = 3C14DFAC23D8F70B009F04FA /* Cell.swift */; };
		3C14DFAF23D8F942009F04FA /* UserResponse.swift in Sources */ = {isa = PBXBuildFile; fileRef = 3C14DFAE23D8F942009F04FA /* UserResponse.swift */; };
		3C14DFB123D8F9B6009F04FA /* Data.swift in Sources */ = {isa = PBXBuildFile; fileRef = 3C14DFB023D8F9B6009F04FA /* Data.swift */; };
		3C14DFB723D8FA32009F04FA /* userModelData.json in Resources */ = {isa = PBXBuildFile; fileRef = 3C14DFB623D8FA31009F04FA /* userModelData.json */; };
		3C14DFB923D902DB009F04FA /* coursesModelData.json in Resources */ = {isa = PBXBuildFile; fileRef = 3C14DFB823D902DB009F04FA /* coursesModelData.json */; };
		3C14DFBB23D90582009F04FA /* ProductRow.swift in Sources */ = {isa = PBXBuildFile; fileRef = 3C14DFBA23D90582009F04FA /* ProductRow.swift */; };
		3C14DFBD23D909B5009F04FA /* ProductItem.swift in Sources */ = {isa = PBXBuildFile; fileRef = 3C14DFBC23D909B5009F04FA /* ProductItem.swift */; };
		3C14DFC123D90C0C009F04FA /* FriendsList.swift in Sources */ = {isa = PBXBuildFile; fileRef = 3C14DFBE23D90C0B009F04FA /* FriendsList.swift */; };
/* End PBXBuildFile section */

/* Begin PBXFileReference section */
		3C14DF9323D8F28A009F04FA /* SwiftbookApp.app */ = {isa = PBXFileReference; explicitFileType = wrapper.application; includeInIndex = 0; path = SwiftbookApp.app; sourceTree = BUILT_PRODUCTS_DIR; };
		3C14DF9623D8F28A009F04FA /* AppDelegate.swift */ = {isa = PBXFileReference; lastKnownFileType = sourcecode.swift; path = AppDelegate.swift; sourceTree = "<group>"; };
		3C14DF9823D8F28A009F04FA /* SceneDelegate.swift */ = {isa = PBXFileReference; lastKnownFileType = sourcecode.swift; path = SceneDelegate.swift; sourceTree = "<group>"; };
		3C14DF9A23D8F28A009F04FA /* ContentView.swift */ = {isa = PBXFileReference; lastKnownFileType = sourcecode.swift; path = ContentView.swift; sourceTree = "<group>"; };
		3C14DF9C23D8F28B009F04FA /* Assets.xcassets */ = {isa = PBXFileReference; lastKnownFileType = folder.assetcatalog; path = Assets.xcassets; sourceTree = "<group>"; };
		3C14DF9F23D8F28B009F04FA /* Preview Assets.xcassets */ = {isa = PBXFileReference; lastKnownFileType = folder.assetcatalog; path = "Preview Assets.xcassets"; sourceTree = "<group>"; };
		3C14DFA223D8F28B009F04FA /* Base */ = {isa = PBXFileReference; lastKnownFileType = file.storyboard; name = Base; path = Base.lproj/LaunchScreen.storyboard; sourceTree = "<group>"; };
		3C14DFA423D8F28B009F04FA /* Info.plist */ = {isa = PBXFileReference; lastKnownFileType = text.plist.xml; path = Info.plist; sourceTree = "<group>"; };
		3C14DFAA23D8F403009F04FA /* TopView.swift */ = {isa = PBXFileReference; lastKnownFileType = sourcecode.swift; name = TopView.swift; path = ../TopView.swift; sourceTree = "<group>"; };
		3C14DFAC23D8F70B009F04FA /* Cell.swift */ = {isa = PBXFileReference; lastKnownFileType = sourcecode.swift; name = Cell.swift; path = ../Cell.swift; sourceTree = "<group>"; };
		3C14DFAE23D8F942009F04FA /* UserResponse.swift */ = {isa = PBXFileReference; lastKnownFileType = sourcecode.swift; path = UserResponse.swift; sourceTree = "<group>"; };
		3C14DFB023D8F9B6009F04FA /* Data.swift */ = {isa = PBXFileReference; lastKnownFileType = sourcecode.swift; path = Data.swift; sourceTree = "<group>"; };
		3C14DFB623D8FA31009F04FA /* userModelData.json */ = {isa = PBXFileReference; fileEncoding = 4; lastKnownFileType = text.json; path = userModelData.json; sourceTree = "<group>"; };
		3C14DFB823D902DB009F04FA /* coursesModelData.json */ = {isa = PBXFileReference; fileEncoding = 4; lastKnownFileType = text.json; path = coursesModelData.json; sourceTree = "<group>"; };
		3C14DFBA23D90582009F04FA /* ProductRow.swift */ = {isa = PBXFileReference; lastKnownFileType = sourcecode.swift; path = ProductRow.swift; sourceTree = "<group>"; };
		3C14DFBC23D909B5009F04FA /* ProductItem.swift */ = {isa = PBXFileReference; lastKnownFileType = sourcecode.swift; path = ProductItem.swift; sourceTree = "<group>"; };
		3C14DFBE23D90C0B009F04FA /* FriendsList.swift */ = {isa = PBXFileReference; fileEncoding = 4; lastKnownFileType = sourcecode.swift; path = FriendsList.swift; sourceTree = "<group>"; };
/* End PBXFileReference section */

/* Begin PBXFrameworksBuildPhase section */
		3C14DF9023D8F28A009F04FA /* Frameworks */ = {
			isa = PBXFrameworksBuildPhase;
			buildActionMask = 2147483647;
			files = (
			);
			runOnlyForDeploymentPostprocessing = 0;
		};
/* End PBXFrameworksBuildPhase section */

/* Begin PBXGroup section */
		3C14DF8A23D8F28A009F04FA = {
			isa = PBXGroup;
			children = (
				3C14DF9523D8F28A009F04FA /* SwiftbookApp */,
				3C14DF9423D8F28A009F04FA /* Products */,
			);
			sourceTree = "<group>";
		};
		3C14DF9423D8F28A009F04FA /* Products */ = {
			isa = PBXGroup;
			children = (
				3C14DF9323D8F28A009F04FA /* SwiftbookApp.app */,
			);
			name = Products;
			sourceTree = "<group>";
		};
		3C14DF9523D8F28A009F04FA /* SwiftbookApp */ = {
			isa = PBXGroup;
			children = (
				3C14DFC423D90C15009F04FA /* FriendsList */,
				3C14DF9623D8F28A009F04FA /* AppDelegate.swift */,
				3C14DF9823D8F28A009F04FA /* SceneDelegate.swift */,
				3C14DF9A23D8F28A009F04FA /* ContentView.swift */,
				3C14DF9C23D8F28B009F04FA /* Assets.xcassets */,
				3C14DFA123D8F28B009F04FA /* LaunchScreen.storyboard */,
				3C14DFA423D8F28B009F04FA /* Info.plist */,
				3C14DF9E23D8F28B009F04FA /* Preview Content */,
				3C14DFAE23D8F942009F04FA /* UserResponse.swift */,
				3C14DFB023D8F9B6009F04FA /* Data.swift */,
				3C14DFB623D8FA31009F04FA /* userModelData.json */,
				3C14DFB823D902DB009F04FA /* coursesModelData.json */,
				3C14DFBA23D90582009F04FA /* ProductRow.swift */,
				3C14DFBC23D909B5009F04FA /* ProductItem.swift */,
			);
			path = SwiftbookApp;
			sourceTree = "<group>";
		};
		3C14DF9E23D8F28B009F04FA /* Preview Content */ = {
			isa = PBXGroup;
			children = (
				3C14DF9F23D8F28B009F04FA /* Preview Assets.xcassets */,
			);
			path = "Preview Content";
			sourceTree = "<group>";
		};
		3C14DFC423D90C15009F04FA /* FriendsList */ = {
			isa = PBXGroup;
			children = (
				3C14DFAC23D8F70B009F04FA /* Cell.swift */,
				3C14DFBE23D90C0B009F04FA /* FriendsList.swift */,
				3C14DFAA23D8F403009F04FA /* TopView.swift */,
			);
			path = FriendsList;
			sourceTree = "<group>";
		};
/* End PBXGroup section */

/* Begin PBXNativeTarget section */
		3C14DF9223D8F28A009F04FA /* SwiftbookApp */ = {
			isa = PBXNativeTarget;
			buildConfigurationList = 3C14DFA723D8F28B009F04FA /* Build configuration list for PBXNativeTarget "SwiftbookApp" */;
			buildPhases = (
				3C14DF8F23D8F28A009F04FA /* Sources */,
				3C14DF9023D8F28A009F04FA /* Frameworks */,
				3C14DF9123D8F28A009F04FA /* Resources */,
			);
			buildRules = (
			);
			dependencies = (
			);
			name = SwiftbookApp;
			productName = SwiftbookApp;
			productReference = 3C14DF9323D8F28A009F04FA /* SwiftbookApp.app */;
			productType = "com.apple.product-type.application";
		};
/* End PBXNativeTarget section */

/* Begin PBXProject section */
		3C14DF8B23D8F28A009F04FA /* Project object */ = {
			isa = PBXProject;
			attributes = {
				LastSwiftUpdateCheck = 1130;
				LastUpgradeCheck = 1130;
				ORGANIZATIONNAME = DanilovDev;
				TargetAttributes = {
					3C14DF9223D8F28A009F04FA = {
						CreatedOnToolsVersion = 11.3.1;
					};
				};
			};
			buildConfigurationList = 3C14DF8E23D8F28A009F04FA /* Build configuration list for PBXProject "SwiftbookApp" */;
			compatibilityVersion = "Xcode 9.3";
			developmentRegion = en;
			hasScannedForEncodings = 0;
			knownRegions = (
				en,
				Base,
			);
			mainGroup = 3C14DF8A23D8F28A009F04FA;
			productRefGroup = 3C14DF9423D8F28A009F04FA /* Products */;
			projectDirPath = "";
			projectRoot = "";
			targets = (
				3C14DF9223D8F28A009F04FA /* SwiftbookApp */,
			);
		};
/* End PBXProject section */

/* Begin PBXResourcesBuildPhase section */
		3C14DF9123D8F28A009F04FA /* Resources */ = {
			isa = PBXResourcesBuildPhase;
			buildActionMask = 2147483647;
			files = (
				3C14DFB723D8FA32009F04FA /* userModelData.json in Resources */,
				3C14DFA323D8F28B009F04FA /* LaunchScreen.storyboard in Resources */,
				3C14DFA023D8F28B009F04FA /* Preview Assets.xcassets in Resources */,
				3C14DFB923D902DB009F04FA /* coursesModelData.json in Resources */,
				3C14DF9D23D8F28B009F04FA /* Assets.xcassets in Resources */,
			);
			runOnlyForDeploymentPostprocessing = 0;
		};
/* End PBXResourcesBuildPhase section */

/* Begin PBXSourcesBuildPhase section */
		3C14DF8F23D8F28A009F04FA /* Sources */ = {
			isa = PBXSourcesBuildPhase;
			buildActionMask = 2147483647;
			files = (
				3C14DFB123D8F9B6009F04FA /* Data.swift in Sources */,
				3C14DFC123D90C0C009F04FA /* FriendsList.swift in Sources */,
				3C14DF9723D8F28A009F04FA /* AppDelegate.swift in Sources */,
				3C14DF9923D8F28A009F04FA /* SceneDelegate.swift in Sources */,
				3C14DFBD23D909B5009F04FA /* ProductItem.swift in Sources */,
				3C14DFAD23D8F70B009F04FA /* Cell.swift in Sources */,
				3C14DFBB23D90582009F04FA /* ProductRow.swift in Sources */,
				3C14DFAB23D8F403009F04FA /* TopView.swift in Sources */,
				3C14DF9B23D8F28A009F04FA /* ContentView.swift in Sources */,
				3C14DFAF23D8F942009F04FA /* UserResponse.swift in Sources */,
			);
			runOnlyForDeploymentPostprocessing = 0;
		};
/* End PBXSourcesBuildPhase section */

/* Begin PBXVariantGroup section */
		3C14DFA123D8F28B009F04FA /* LaunchScreen.storyboard */ = {
			isa = PBXVariantGroup;
			children = (
				3C14DFA223D8F28B009F04FA /* Base */,
			);
			name = LaunchScreen.storyboard;
			sourceTree = "<group>";
		};
/* End PBXVariantGroup section */

/* Begin XCBuildConfiguration section */
		3C14DFA523D8F28B009F04FA /* Debug */ = {
			isa = XCBuildConfiguration;
			buildSettings = {
				ALWAYS_SEARCH_USER_PATHS = NO;
				CLANG_ANALYZER_NONNULL = YES;
				CLANG_ANALYZER_NUMBER_OBJECT_CONVERSION = YES_AGGRESSIVE;
				CLANG_CXX_LANGUAGE_STANDARD = "gnu++14";
				CLANG_CXX_LIBRARY = "libc++";
				CLANG_ENABLE_MODULES = YES;
				CLANG_ENABLE_OBJC_ARC = YES;
				CLANG_ENABLE_OBJC_WEAK = YES;
				CLANG_WARN_BLOCK_CAPTURE_AUTORELEASING = YES;
				CLANG_WARN_BOOL_CONVERSION = YES;
				CLANG_WARN_COMMA = YES;
				CLANG_WARN_CONSTANT_CONVERSION = YES;
				CLANG_WARN_DEPRECATED_OBJC_IMPLEMENTATIONS = YES;
				CLANG_WARN_DIRECT_OBJC_ISA_USAGE = YES_ERROR;
				CLANG_WARN_DOCUMENTATION_COMMENTS = YES;
				CLANG_WARN_EMPTY_BODY = YES;
				CLANG_WARN_ENUM_CONVERSION = YES;
				CLANG_WARN_INFINITE_RECURSION = YES;
				CLANG_WARN_INT_CONVERSION = YES;
				CLANG_WARN_NON_LITERAL_NULL_CONVERSION = YES;
				CLANG_WARN_OBJC_IMPLICIT_RETAIN_SELF = YES;
				CLANG_WARN_OBJC_LITERAL_CONVERSION = YES;
				CLANG_WARN_OBJC_ROOT_CLASS = YES_ERROR;
				CLANG_WARN_RANGE_LOOP_ANALYSIS = YES;
				CLANG_WARN_STRICT_PROTOTYPES = YES;
				CLANG_WARN_SUSPICIOUS_MOVE = YES;
				CLANG_WARN_UNGUARDED_AVAILABILITY = YES_AGGRESSIVE;
				CLANG_WARN_UNREACHABLE_CODE = YES;
				CLANG_WARN__DUPLICATE_METHOD_MATCH = YES;
				COPY_PHASE_STRIP = NO;
				DEBUG_INFORMATION_FORMAT = dwarf;
				ENABLE_STRICT_OBJC_MSGSEND = YES;
				ENABLE_TESTABILITY = YES;
				GCC_C_LANGUAGE_STANDARD = gnu11;
				GCC_DYNAMIC_NO_PIC = NO;
				GCC_NO_COMMON_BLOCKS = YES;
				GCC_OPTIMIZATION_LEVEL = 0;
				GCC_PREPROCESSOR_DEFINITIONS = (
					"DEBUG=1",
					"$(inherited)",
				);
				GCC_WARN_64_TO_32_BIT_CONVERSION = YES;
				GCC_WARN_ABOUT_RETURN_TYPE = YES_ERROR;
				GCC_WARN_UNDECLARED_SELECTOR = YES;
				GCC_WARN_UNINITIALIZED_AUTOS = YES_AGGRESSIVE;
				GCC_WARN_UNUSED_FUNCTION = YES;
				GCC_WARN_UNUSED_VARIABLE = YES;
				IPHONEOS_DEPLOYMENT_TARGET = 13.2;
				MTL_ENABLE_DEBUG_INFO = INCLUDE_SOURCE;
				MTL_FAST_MATH = YES;
				ONLY_ACTIVE_ARCH = YES;
				SDKROOT = iphoneos;
				SWIFT_ACTIVE_COMPILATION_CONDITIONS = DEBUG;
				SWIFT_OPTIMIZATION_LEVEL = "-Onone";
			};
			name = Debug;
		};
		3C14DFA623D8F28B009F04FA /* Release */ = {
			isa = XCBuildConfiguration;
			buildSettings = {
				ALWAYS_SEARCH_USER_PATHS = NO;
				CLANG_ANALYZER_NONNULL = YES;
				CLANG_ANALYZER_NUMBER_OBJECT_CONVERSION = YES_AGGRESSIVE;
				CLANG_CXX_LANGUAGE_STANDARD = "gnu++14";
				CLANG_CXX_LIBRARY = "libc++";
				CLANG_ENABLE_MODULES = YES;
				CLANG_ENABLE_OBJC_ARC = YES;
				CLANG_ENABLE_OBJC_WEAK = YES;
				CLANG_WARN_BLOCK_CAPTURE_AUTORELEASING = YES;
				CLANG_WARN_BOOL_CONVERSION = YES;
				CLANG_WARN_COMMA = YES;
				CLANG_WARN_CONSTANT_CONVERSION = YES;
				CLANG_WARN_DEPRECATED_OBJC_IMPLEMENTATIONS = YES;
				CLANG_WARN_DIRECT_OBJC_ISA_USAGE = YES_ERROR;
				CLANG_WARN_DOCUMENTATION_COMMENTS = YES;
				CLANG_WARN_EMPTY_BODY = YES;
				CLANG_WARN_ENUM_CONVERSION = YES;
				CLANG_WARN_INFINITE_RECURSION = YES;
				CLANG_WARN_INT_CONVERSION = YES;
				CLANG_WARN_NON_LITERAL_NULL_CONVERSION = YES;
				CLANG_WARN_OBJC_IMPLICIT_RETAIN_SELF = YES;
				CLANG_WARN_OBJC_LITERAL_CONVERSION = YES;
				CLANG_WARN_OBJC_ROOT_CLASS = YES_ERROR;
				CLANG_WARN_RANGE_LOOP_ANALYSIS = YES;
				CLANG_WARN_STRICT_PROTOTYPES = YES;
				CLANG_WARN_SUSPICIOUS_MOVE = YES;
				CLANG_WARN_UNGUARDED_AVAILABILITY = YES_AGGRESSIVE;
				CLANG_WARN_UNREACHABLE_CODE = YES;
				CLANG_WARN__DUPLICATE_METHOD_MATCH = YES;
				COPY_PHASE_STRIP = NO;
				DEBUG_INFORMATION_FORMAT = "dwarf-with-dsym";
				ENABLE_NS_ASSERTIONS = NO;
				ENABLE_STRICT_OBJC_MSGSEND = YES;
				GCC_C_LANGUAGE_STANDARD = gnu11;
				GCC_NO_COMMON_BLOCKS = YES;
				GCC_WARN_64_TO_32_BIT_CONVERSION = YES;
				GCC_WARN_ABOUT_RETURN_TYPE = YES_ERROR;
				GCC_WARN_UNDECLARED_SELECTOR = YES;
				GCC_WARN_UNINITIALIZED_AUTOS = YES_AGGRESSIVE;
				GCC_WARN_UNUSED_FUNCTION = YES;
				GCC_WARN_UNUSED_VARIABLE = YES;
				IPHONEOS_DEPLOYMENT_TARGET = 13.2;
				MTL_ENABLE_DEBUG_INFO = NO;
				MTL_FAST_MATH = YES;
				SDKROOT = iphoneos;
				SWIFT_COMPILATION_MODE = wholemodule;
				SWIFT_OPTIMIZATION_LEVEL = "-O";
				VALIDATE_PRODUCT = YES;
			};
			name = Release;
		};
		3C14DFA823D8F28B009F04FA /* Debug */ = {
			isa = XCBuildConfiguration;
			buildSettings = {
				ASSETCATALOG_COMPILER_APPICON_NAME = AppIcon;
				CODE_SIGN_STYLE = Automatic;
				DEVELOPMENT_ASSET_PATHS = "\"SwiftbookApp/Preview Content\"";
				DEVELOPMENT_TEAM = G9F5S24X43;
				ENABLE_PREVIEWS = YES;
				INFOPLIST_FILE = SwiftbookApp/Info.plist;
				LD_RUNPATH_SEARCH_PATHS = (
					"$(inherited)",
					"@executable_path/Frameworks",
				);
				PRODUCT_BUNDLE_IDENTIFIER = com.danilovdev.SwiftbookApp;
				PRODUCT_NAME = "$(TARGET_NAME)";
				SWIFT_VERSION = 5.0;
				TARGETED_DEVICE_FAMILY = "1,2";
			};
			name = Debug;
		};
		3C14DFA923D8F28B009F04FA /* Release */ = {
			isa = XCBuildConfiguration;
			buildSettings = {
				ASSETCATALOG_COMPILER_APPICON_NAME = AppIcon;
				CODE_SIGN_STYLE = Automatic;
				DEVELOPMENT_ASSET_PATHS = "\"SwiftbookApp/Preview Content\"";
				DEVELOPMENT_TEAM = G9F5S24X43;
				ENABLE_PREVIEWS = YES;
				INFOPLIST_FILE = SwiftbookApp/Info.plist;
				LD_RUNPATH_SEARCH_PATHS = (
					"$(inherited)",
					"@executable_path/Frameworks",
				);
				PRODUCT_BUNDLE_IDENTIFIER = com.danilovdev.SwiftbookApp;
				PRODUCT_NAME = "$(TARGET_NAME)";
				SWIFT_VERSION = 5.0;
				TARGETED_DEVICE_FAMILY = "1,2";
			};
			name = Release;
		};
/* End XCBuildConfiguration section */

/* Begin XCConfigurationList section */
		3C14DF8E23D8F28A009F04FA /* Build configuration list for PBXProject "SwiftbookApp" */ = {
			isa = XCConfigurationList;
			buildConfigurations = (
				3C14DFA523D8F28B009F04FA /* Debug */,
				3C14DFA623D8F28B009F04FA /* Release */,
			);
			defaultConfigurationIsVisible = 0;
			defaultConfigurationName = Release;
		};
		3C14DFA723D8F28B009F04FA /* Build configuration list for PBXNativeTarget "SwiftbookApp" */ = {
			isa = XCConfigurationList;
			buildConfigurations = (
				3C14DFA823D8F28B009F04FA /* Debug */,
				3C14DFA923D8F28B009F04FA /* Release */,
			);
			defaultConfigurationIsVisible = 0;
			defaultConfigurationName = Release;
		};
/* End XCConfigurationList section */
	};
	rootObject = 3C14DF8B23D8F28A009F04FA /* Project object */;
}
